
Microsoft Visual Studio Solution File, Format Version 12.00
# Visual Studio 15
VisualStudioVersion = 15.0.28307.902
MinimumVisualStudioVersion = 10.0.40219.1
Project("{FAE04EC0-301F-11D3-BF4B-00C04F79EFBC}") = "ChatHandler", "ChatHandler\ChatHandler.csproj", "{B8FD939C-DBBF-400E-B5D3-57F0C598297F}"
EndProject
Global
	GlobalSection(SolutionConfigurationPlatforms) = preSolution
		Debug|Any CPU = Debug|Any CPU
		Release|Any CPU = Release|Any CPU
	EndGlobalSection
	GlobalSection(ProjectConfigurationPlatforms) = postSolution
		{B8FD939C-DBBF-400E-B5D3-57F0C598297F}.Debug|Any CPU.ActiveCfg = Debug|Any CPU
		{B8FD939C-DBBF-400E-B5D3-57F0C598297F}.Debug|Any CPU.Build.0 = Debug|Any CPU
		{B8FD939C-DBBF-400E-B5D3-57F0C598297F}.Release|Any CPU.ActiveCfg = Release|Any CPU
		{B8FD939C-DBBF-400E-B5D3-57F0C598297F}.Release|Any CPU.Build.0 = Release|Any CPU
	EndGlobalSection
	GlobalSection(SolutionProperties) = preSolution
		HideSolutionNode = FALSE
	EndGlobalSection
	GlobalSection(ExtensibilityGlobals) = postSolution
		SolutionGuid = {896BC153-9546-4562-B5CB-20D154B940CC}
	EndGlobalSection
EndGlobal
